
Microsoft Visual Studio Solution File, Format Version 12.00
# Visual Studio Version 16
VisualStudioVersion = 16.0.31911.196
MinimumVisualStudioVersion = 10.0.40219.1
Project("{FAE04EC0-301F-11D3-BF4B-00C04F79EFBC}") = "Exercise2", "Exercise2.csproj", "{65CEC31F-C1CE-435F-93B3-D017049A8332}"
EndProject
Project("{9A19103F-16F7-4668-BE54-9A1E7A4F7556}") = "Recognizer", "Recognizer\Recognizer.csproj", "{9B929933-3FEA-4634-B3E9-35CD8432CA15}"
EndProject
Global
	GlobalSection(SolutionConfigurationPlatforms) = preSolution
		Debug|Any CPU = Debug|Any CPU
		Release|Any CPU = Release|Any CPU
	EndGlobalSection
	GlobalSection(ProjectConfigurationPlatforms) = postSolution
		{65CEC31F-C1CE-435F-93B3-D017049A8332}.Debug|Any CPU.ActiveCfg = Debug|Any CPU
		{65CEC31F-C1CE-435F-93B3-D017049A8332}.Debug|Any CPU.Build.0 = Debug|Any CPU
		{65CEC31F-C1CE-435F-93B3-D017049A8332}.Release|Any CPU.ActiveCfg = Release|Any CPU
		{65CEC31F-C1CE-435F-93B3-D017049A8332}.Release|Any CPU.Build.0 = Release|Any CPU
		{9B929933-3FEA-4634-B3E9-35CD8432CA15}.Debug|Any CPU.ActiveCfg = Debug|Any CPU
		{9B929933-3FEA-4634-B3E9-35CD8432CA15}.Debug|Any CPU.Build.0 = Debug|Any CPU
		{9B929933-3FEA-4634-B3E9-35CD8432CA15}.Release|Any CPU.ActiveCfg = Release|Any CPU
		{9B929933-3FEA-4634-B3E9-35CD8432CA15}.Release|Any CPU.Build.0 = Release|Any CPU
	EndGlobalSection
	GlobalSection(SolutionProperties) = preSolution
		HideSolutionNode = FALSE
	EndGlobalSection
	GlobalSection(ExtensibilityGlobals) = postSolution
		SolutionGuid = {26CF8B2A-876A-4E40-8A11-E8B63E706420}
	EndGlobalSection
EndGlobal
